
Microsoft Visual Studio Solution File, Format Version 12.00
# Visual Studio 15
Project("{FAE04EC0-301F-11D3-BF4B-00C04F79EFBC}") = "Assembly-CSharp", "Assembly-CSharp.csproj", "{82E5DBA2-A0F6-7895-F01C-FF4720A92928}"
EndProject
Project("{FAE04EC0-301F-11D3-BF4B-00C04F79EFBC}") = "Assembly-CSharp-Editor", "Assembly-CSharp-Editor.csproj", "{D042EB97-B9DE-A0CD-7C55-8A8F56CAA68B}"
EndProject
Global
	GlobalSection(SolutionConfigurationPlatforms) = preSolution
		Debug|Any CPU = Debug|Any CPU
		Release|Any CPU = Release|Any CPU
	EndGlobalSection
	GlobalSection(ProjectConfigurationPlatforms) = postSolution
		{82E5DBA2-A0F6-7895-F01C-FF4720A92928}.Debug|Any CPU.ActiveCfg = Debug|Any CPU
		{82E5DBA2-A0F6-7895-F01C-FF4720A92928}.Debug|Any CPU.Build.0 = Debug|Any CPU
		{82E5DBA2-A0F6-7895-F01C-FF4720A92928}.Release|Any CPU.ActiveCfg = Release|Any CPU
		{82E5DBA2-A0F6-7895-F01C-FF4720A92928}.Release|Any CPU.Build.0 = Release|Any CPU
		{D042EB97-B9DE-A0CD-7C55-8A8F56CAA68B}.Debug|Any CPU.ActiveCfg = Debug|Any CPU
		{D042EB97-B9DE-A0CD-7C55-8A8F56CAA68B}.Debug|Any CPU.Build.0 = Debug|Any CPU
		{D042EB97-B9DE-A0CD-7C55-8A8F56CAA68B}.Release|Any CPU.ActiveCfg = Release|Any CPU
		{D042EB97-B9DE-A0CD-7C55-8A8F56CAA68B}.Release|Any CPU.Build.0 = Release|Any CPU
	EndGlobalSection
	GlobalSection(SolutionProperties) = preSolution
		HideSolutionNode = FALSE
	EndGlobalSection
EndGlobal
